// !$*UTF8*$!
{
	archiveVersion = 1;
	classes = {
	};
	objectVersion = 56;
	objects = {

/* Begin PBXBuildFile section */
		F29F7F042A8C903400EF1A1D /* RealityKitContent in Frameworks */ = {isa = PBXBuildFile; productRef = F29F7F032A8C903400EF1A1D /* RealityKitContent */; };
		F29F7F062A8C903400EF1A1D /* iSnowApp.swift in Sources */ = {isa = PBXBuildFile; fileRef = F29F7F052A8C903400EF1A1D /* iSnowApp.swift */; };
		F29F7F082A8C903400EF1A1D /* ContentView.swift in Sources */ = {isa = PBXBuildFile; fileRef = F29F7F072A8C903400EF1A1D /* ContentView.swift */; };
		F29F7F0A2A8C903400EF1A1D /* ImmersiveView.swift in Sources */ = {isa = PBXBuildFile; fileRef = F29F7F092A8C903400EF1A1D /* ImmersiveView.swift */; };
		F29F7F0C2A8C903600EF1A1D /* Assets.xcassets in Resources */ = {isa = PBXBuildFile; fileRef = F29F7F0B2A8C903600EF1A1D /* Assets.xcassets */; };
		F29F7F0F2A8C903600EF1A1D /* Preview Assets.xcassets in Resources */ = {isa = PBXBuildFile; fileRef = F29F7F0E2A8C903600EF1A1D /* Preview Assets.xcassets */; };
		F29F7F192A8C903600EF1A1D /* iSnowTests.swift in Sources */ = {isa = PBXBuildFile; fileRef = F29F7F182A8C903600EF1A1D /* iSnowTests.swift */; };
/* End PBXBuildFile section */

/* Begin PBXContainerItemProxy section */
		F29F7F152A8C903600EF1A1D /* PBXContainerItemProxy */ = {
			isa = PBXContainerItemProxy;
			containerPortal = F29F7EF62A8C903400EF1A1D /* Project object */;
			proxyType = 1;
			remoteGlobalIDString = F29F7EFD2A8C903400EF1A1D;
			remoteInfo = iSnow;
		};
/* End PBXContainerItemProxy section */

/* Begin PBXFileReference section */
		F29F7EFE2A8C903400EF1A1D /* iSnow.app */ = {isa = PBXFileReference; explicitFileType = wrapper.application; includeInIndex = 0; path = iSnow.app; sourceTree = BUILT_PRODUCTS_DIR; };
		F29F7F022A8C903400EF1A1D /* RealityKitContent */ = {isa = PBXFileReference; lastKnownFileType = wrapper; path = RealityKitContent; sourceTree = "<group>"; };
		F29F7F052A8C903400EF1A1D /* iSnowApp.swift */ = {isa = PBXFileReference; lastKnownFileType = sourcecode.swift; path = iSnowApp.swift; sourceTree = "<group>"; };
		F29F7F072A8C903400EF1A1D /* ContentView.swift */ = {isa = PBXFileReference; lastKnownFileType = sourcecode.swift; path = ContentView.swift; sourceTree = "<group>"; };
		F29F7F092A8C903400EF1A1D /* ImmersiveView.swift */ = {isa = PBXFileReference; lastKnownFileType = sourcecode.swift; path = ImmersiveView.swift; sourceTree = "<group>"; };
		F29F7F0B2A8C903600EF1A1D /* Assets.xcassets */ = {isa = PBXFileReference; lastKnownFileType = folder.assetcatalog; path = Assets.xcassets; sourceTree = "<group>"; };
		F29F7F0E2A8C903600EF1A1D /* Preview Assets.xcassets */ = {isa = PBXFileReference; lastKnownFileType = folder.assetcatalog; path = "Preview Assets.xcassets"; sourceTree = "<group>"; };
		F29F7F142A8C903600EF1A1D /* iSnowTests.xctest */ = {isa = PBXFileReference; explicitFileType = wrapper.cfbundle; includeInIndex = 0; path = iSnowTests.xctest; sourceTree = BUILT_PRODUCTS_DIR; };
		F29F7F182A8C903600EF1A1D /* iSnowTests.swift */ = {isa = PBXFileReference; lastKnownFileType = sourcecode.swift; path = iSnowTests.swift; sourceTree = "<group>"; };
/* End PBXFileReference section */

/* Begin PBXFrameworksBuildPhase section */
		F29F7EFB2A8C903400EF1A1D /* Frameworks */ = {
			isa = PBXFrameworksBuildPhase;
			buildActionMask = 2147483647;
			files = (
				F29F7F042A8C903400EF1A1D /* RealityKitContent in Frameworks */,
			);
			runOnlyForDeploymentPostprocessing = 0;
		};
		F29F7F112A8C903600EF1A1D /* Frameworks */ = {
			isa = PBXFrameworksBuildPhase;
			buildActionMask = 2147483647;
			files = (
			);
			runOnlyForDeploymentPostprocessing = 0;
		};
/* End PBXFrameworksBuildPhase section */

/* Begin PBXGroup section */
		F29F7EF52A8C903400EF1A1D = {
			isa = PBXGroup;
			children = (
				F29F7F002A8C903400EF1A1D /* iSnow */,
				F29F7F012A8C903400EF1A1D /* Packages */,
				F29F7F172A8C903600EF1A1D /* iSnowTests */,
				F29F7EFF2A8C903400EF1A1D /* Products */,
			);
			sourceTree = "<group>";
		};
		F29F7EFF2A8C903400EF1A1D /* Products */ = {
			isa = PBXGroup;
			children = (
				F29F7EFE2A8C903400EF1A1D /* iSnow.app */,
				F29F7F142A8C903600EF1A1D /* iSnowTests.xctest */,
			);
			name = Products;
			sourceTree = "<group>";
		};
		F29F7F002A8C903400EF1A1D /* iSnow */ = {
			isa = PBXGroup;
			children = (
				F29F7F052A8C903400EF1A1D /* iSnowApp.swift */,
				F29F7F072A8C903400EF1A1D /* ContentView.swift */,
				F29F7F092A8C903400EF1A1D /* ImmersiveView.swift */,
				F29F7F0B2A8C903600EF1A1D /* Assets.xcassets */,
				F29F7F0D2A8C903600EF1A1D /* Preview Content */,
			);
			path = iSnow;
			sourceTree = "<group>";
		};
		F29F7F012A8C903400EF1A1D /* Packages */ = {
			isa = PBXGroup;
			children = (
				F29F7F022A8C903400EF1A1D /* RealityKitContent */,
			);
			path = Packages;
			sourceTree = "<group>";
		};
		F29F7F0D2A8C903600EF1A1D /* Preview Content */ = {
			isa = PBXGroup;
			children = (
				F29F7F0E2A8C903600EF1A1D /* Preview Assets.xcassets */,
			);
			path = "Preview Content";
			sourceTree = "<group>";
		};
		F29F7F172A8C903600EF1A1D /* iSnowTests */ = {
			isa = PBXGroup;
			children = (
				F29F7F182A8C903600EF1A1D /* iSnowTests.swift */,
			);
			path = iSnowTests;
			sourceTree = "<group>";
		};
/* End PBXGroup section */

/* Begin PBXNativeTarget section */
		F29F7EFD2A8C903400EF1A1D /* iSnow */ = {
			isa = PBXNativeTarget;
			buildConfigurationList = F29F7F1C2A8C903600EF1A1D /* Build configuration list for PBXNativeTarget "iSnow" */;
			buildPhases = (
				F29F7EFA2A8C903400EF1A1D /* Sources */,
				F29F7EFB2A8C903400EF1A1D /* Frameworks */,
				F29F7EFC2A8C903400EF1A1D /* Resources */,
			);
			buildRules = (
			);
			dependencies = (
			);
			name = iSnow;
			packageProductDependencies = (
				F29F7F032A8C903400EF1A1D /* RealityKitContent */,
			);
			productName = iSnow;
			productReference = F29F7EFE2A8C903400EF1A1D /* iSnow.app */;
			productType = "com.apple.product-type.application";
		};
		F29F7F132A8C903600EF1A1D /* iSnowTests */ = {
			isa = PBXNativeTarget;
			buildConfigurationList = F29F7F1F2A8C903600EF1A1D /* Build configuration list for PBXNativeTarget "iSnowTests" */;
			buildPhases = (
				F29F7F102A8C903600EF1A1D /* Sources */,
				F29F7F112A8C903600EF1A1D /* Frameworks */,
				F29F7F122A8C903600EF1A1D /* Resources */,
			);
			buildRules = (
			);
			dependencies = (
				F29F7F162A8C903600EF1A1D /* PBXTargetDependency */,
			);
			name = iSnowTests;
			productName = iSnowTests;
			productReference = F29F7F142A8C903600EF1A1D /* iSnowTests.xctest */;
			productType = "com.apple.product-type.bundle.unit-test";
		};
/* End PBXNativeTarget section */

/* Begin PBXProject section */
		F29F7EF62A8C903400EF1A1D /* Project object */ = {
			isa = PBXProject;
			attributes = {
				BuildIndependentTargetsInParallel = 1;
				LastSwiftUpdateCheck = 1500;
				LastUpgradeCheck = 1500;
				TargetAttributes = {
					F29F7EFD2A8C903400EF1A1D = {
						CreatedOnToolsVersion = 15.0;
					};
					F29F7F132A8C903600EF1A1D = {
						CreatedOnToolsVersion = 15.0;
						TestTargetID = F29F7EFD2A8C903400EF1A1D;
					};
				};
			};
			buildConfigurationList = F29F7EF92A8C903400EF1A1D /* Build configuration list for PBXProject "iSnow" */;
			compatibilityVersion = "Xcode 14.0";
			developmentRegion = en;
			hasScannedForEncodings = 0;
			knownRegions = (
				en,
				Base,
			);
			mainGroup = F29F7EF52A8C903400EF1A1D;
			productRefGroup = F29F7EFF2A8C903400EF1A1D /* Products */;
			projectDirPath = "";
			projectRoot = "";
			targets = (
				F29F7EFD2A8C903400EF1A1D /* iSnow */,
				F29F7F132A8C903600EF1A1D /* iSnowTests */,
			);
		};
/* End PBXProject section */

/* Begin PBXResourcesBuildPhase section */
		F29F7EFC2A8C903400EF1A1D /* Resources */ = {
			isa = PBXResourcesBuildPhase;
			buildActionMask = 2147483647;
			files = (
				F29F7F0F2A8C903600EF1A1D /* Preview Assets.xcassets in Resources */,
				F29F7F0C2A8C903600EF1A1D /* Assets.xcassets in Resources */,
			);
			runOnlyForDeploymentPostprocessing = 0;
		};
		F29F7F122A8C903600EF1A1D /* Resources */ = {
			isa = PBXResourcesBuildPhase;
			buildActionMask = 2147483647;
			files = (
			);
			runOnlyForDeploymentPostprocessing = 0;
		};
/* End PBXResourcesBuildPhase section */

/* Begin PBXSourcesBuildPhase section */
		F29F7EFA2A8C903400EF1A1D /* Sources */ = {
			isa = PBXSourcesBuildPhase;
			buildActionMask = 2147483647;
			files = (
				F29F7F082A8C903400EF1A1D /* ContentView.swift in Sources */,
				F29F7F062A8C903400EF1A1D /* iSnowApp.swift in Sources */,
				F29F7F0A2A8C903400EF1A1D /* ImmersiveView.swift in Sources */,
			);
			runOnlyForDeploymentPostprocessing = 0;
		};
		F29F7F102A8C903600EF1A1D /* Sources */ = {
			isa = PBXSourcesBuildPhase;
			buildActionMask = 2147483647;
			files = (
				F29F7F192A8C903600EF1A1D /* iSnowTests.swift in Sources */,
			);
			runOnlyForDeploymentPostprocessing = 0;
		};
/* End PBXSourcesBuildPhase section */

/* Begin PBXTargetDependency section */
		F29F7F162A8C903600EF1A1D /* PBXTargetDependency */ = {
			isa = PBXTargetDependency;
			target = F29F7EFD2A8C903400EF1A1D /* iSnow */;
			targetProxy = F29F7F152A8C903600EF1A1D /* PBXContainerItemProxy */;
		};
/* End PBXTargetDependency section */

/* Begin XCBuildConfiguration section */
		F29F7F1A2A8C903600EF1A1D /* Debug */ = {
			isa = XCBuildConfiguration;
			buildSettings = {
				ALWAYS_SEARCH_USER_PATHS = NO;
				ASSETCATALOG_COMPILER_GENERATE_SWIFT_ASSET_SYMBOL_EXTENSIONS = YES;
				CLANG_ANALYZER_NONNULL = YES;
				CLANG_ANALYZER_NUMBER_OBJECT_CONVERSION = YES_AGGRESSIVE;
				CLANG_CXX_LANGUAGE_STANDARD = "gnu++20";
				CLANG_ENABLE_MODULES = YES;
				CLANG_ENABLE_OBJC_ARC = YES;
				CLANG_ENABLE_OBJC_WEAK = YES;
				CLANG_WARN_BLOCK_CAPTURE_AUTORELEASING = YES;
				CLANG_WARN_BOOL_CONVERSION = YES;
				CLANG_WARN_COMMA = YES;
				CLANG_WARN_CONSTANT_CONVERSION = YES;
				CLANG_WARN_DEPRECATED_OBJC_IMPLEMENTATIONS = YES;
				CLANG_WARN_DIRECT_OBJC_ISA_USAGE = YES_ERROR;
				CLANG_WARN_DOCUMENTATION_COMMENTS = YES;
				CLANG_WARN_EMPTY_BODY = YES;
				CLANG_WARN_ENUM_CONVERSION = YES;
				CLANG_WARN_INFINITE_RECURSION = YES;
				CLANG_WARN_INT_CONVERSION = YES;
				CLANG_WARN_NON_LITERAL_NULL_CONVERSION = YES;
				CLANG_WARN_OBJC_IMPLICIT_RETAIN_SELF = YES;
				CLANG_WARN_OBJC_LITERAL_CONVERSION = YES;
				CLANG_WARN_OBJC_ROOT_CLASS = YES_ERROR;
				CLANG_WARN_QUOTED_INCLUDE_IN_FRAMEWORK_HEADER = YES;
				CLANG_WARN_RANGE_LOOP_ANALYSIS = YES;
				CLANG_WARN_STRICT_PROTOTYPES = YES;
				CLANG_WARN_SUSPICIOUS_MOVE = YES;
				CLANG_WARN_UNGUARDED_AVAILABILITY = YES_AGGRESSIVE;
				CLANG_WARN_UNREACHABLE_CODE = YES;
				CLANG_WARN__DUPLICATE_METHOD_MATCH = YES;
				COPY_PHASE_STRIP = NO;
				DEBUG_INFORMATION_FORMAT = dwarf;
				ENABLE_STRICT_OBJC_MSGSEND = YES;
				ENABLE_TESTABILITY = YES;
				ENABLE_USER_SCRIPT_SANDBOXING = YES;
				GCC_C_LANGUAGE_STANDARD = gnu17;
				GCC_DYNAMIC_NO_PIC = NO;
				GCC_NO_COMMON_BLOCKS = YES;
				GCC_OPTIMIZATION_LEVEL = 0;
				GCC_PREPROCESSOR_DEFINITIONS = (
					"DEBUG=1",
					"$(inherited)",
				);
				GCC_WARN_64_TO_32_BIT_CONVERSION = YES;
				GCC_WARN_ABOUT_RETURN_TYPE = YES_ERROR;
				GCC_WARN_UNDECLARED_SELECTOR = YES;
				GCC_WARN_UNINITIALIZED_AUTOS = YES_AGGRESSIVE;
				GCC_WARN_UNUSED_FUNCTION = YES;
				GCC_WARN_UNUSED_VARIABLE = YES;
				LOCALIZATION_PREFERS_STRING_CATALOGS = YES;
				MTL_ENABLE_DEBUG_INFO = INCLUDE_SOURCE;
				MTL_FAST_MATH = YES;
				ONLY_ACTIVE_ARCH = YES;
				SDKROOT = xros;
				SWIFT_ACTIVE_COMPILATION_CONDITIONS = "DEBUG $(inherited)";
				SWIFT_OPTIMIZATION_LEVEL = "-Onone";
				XROS_DEPLOYMENT_TARGET = 1.0;
			};
			name = Debug;
		};
		F29F7F1B2A8C903600EF1A1D /* Release */ = {
			isa = XCBuildConfiguration;
			buildSettings = {
				ALWAYS_SEARCH_USER_PATHS = NO;
				ASSETCATALOG_COMPILER_GENERATE_SWIFT_ASSET_SYMBOL_EXTENSIONS = YES;
				CLANG_ANALYZER_NONNULL = YES;
				CLANG_ANALYZER_NUMBER_OBJECT_CONVERSION = YES_AGGRESSIVE;
				CLANG_CXX_LANGUAGE_STANDARD = "gnu++20";
				CLANG_ENABLE_MODULES = YES;
				CLANG_ENABLE_OBJC_ARC = YES;
				CLANG_ENABLE_OBJC_WEAK = YES;
				CLANG_WARN_BLOCK_CAPTURE_AUTORELEASING = YES;
				CLANG_WARN_BOOL_CONVERSION = YES;
				CLANG_WARN_COMMA = YES;
				CLANG_WARN_CONSTANT_CONVERSION = YES;
				CLANG_WARN_DEPRECATED_OBJC_IMPLEMENTATIONS = YES;
				CLANG_WARN_DIRECT_OBJC_ISA_USAGE = YES_ERROR;
				CLANG_WARN_DOCUMENTATION_COMMENTS = YES;
				CLANG_WARN_EMPTY_BODY = YES;
				CLANG_WARN_ENUM_CONVERSION = YES;
				CLANG_WARN_INFINITE_RECURSION = YES;
				CLANG_WARN_INT_CONVERSION = YES;
				CLANG_WARN_NON_LITERAL_NULL_CONVERSION = YES;
				CLANG_WARN_OBJC_IMPLICIT_RETAIN_SELF = YES;
				CLANG_WARN_OBJC_LITERAL_CONVERSION = YES;
				CLANG_WARN_OBJC_ROOT_CLASS = YES_ERROR;
				CLANG_WARN_QUOTED_INCLUDE_IN_FRAMEWORK_HEADER = YES;
				CLANG_WARN_RANGE_LOOP_ANALYSIS = YES;
				CLANG_WARN_STRICT_PROTOTYPES = YES;
				CLANG_WARN_SUSPICIOUS_MOVE = YES;
				CLANG_WARN_UNGUARDED_AVAILABILITY = YES_AGGRESSIVE;
				CLANG_WARN_UNREACHABLE_CODE = YES;
				CLANG_WARN__DUPLICATE_METHOD_MATCH = YES;
				COPY_PHASE_STRIP = NO;
				DEBUG_INFORMATION_FORMAT = "dwarf-with-dsym";
				ENABLE_NS_ASSERTIONS = NO;
				ENABLE_STRICT_OBJC_MSGSEND = YES;
				ENABLE_USER_SCRIPT_SANDBOXING = YES;
				GCC_C_LANGUAGE_STANDARD = gnu17;
				GCC_NO_COMMON_BLOCKS = YES;
				GCC_WARN_64_TO_32_BIT_CONVERSION = YES;
				GCC_WARN_ABOUT_RETURN_TYPE = YES_ERROR;
				GCC_WARN_UNDECLARED_SELECTOR = YES;
				GCC_WARN_UNINITIALIZED_AUTOS = YES_AGGRESSIVE;
				GCC_WARN_UNUSED_FUNCTION = YES;
				GCC_WARN_UNUSED_VARIABLE = YES;
				LOCALIZATION_PREFERS_STRING_CATALOGS = YES;
				MTL_ENABLE_DEBUG_INFO = NO;
				MTL_FAST_MATH = YES;
				SDKROOT = xros;
				SWIFT_COMPILATION_MODE = wholemodule;
				VALIDATE_PRODUCT = YES;
				XROS_DEPLOYMENT_TARGET = 1.0;
			};
			name = Release;
		};
		F29F7F1D2A8C903600EF1A1D /* Debug */ = {
			isa = XCBuildConfiguration;
			buildSettings = {
				ASSETCATALOG_COMPILER_APPICON_NAME = AppIcon;
				ASSETCATALOG_COMPILER_GLOBAL_ACCENT_COLOR_NAME = AccentColor;
				CODE_SIGN_STYLE = Automatic;
				CURRENT_PROJECT_VERSION = 1;
				DEVELOPMENT_ASSET_PATHS = "\"iSnow/Preview Content\"";
				DEVELOPMENT_TEAM = DR9RNFND23;
				ENABLE_PREVIEWS = YES;
				GENERATE_INFOPLIST_FILE = YES;
				INFOPLIST_KEY_UIApplicationSceneManifest_Generation = YES;
				LD_RUNPATH_SEARCH_PATHS = (
					"$(inherited)",
					"@executable_path/Frameworks",
				);
				MARKETING_VERSION = 1.0;
				PRODUCT_BUNDLE_IDENTIFIER = miffyc.iSnow;
				PRODUCT_NAME = "$(TARGET_NAME)";
				SUPPORTED_PLATFORMS = "xros xrsimulator";
				SWIFT_EMIT_LOC_STRINGS = YES;
				SWIFT_VERSION = 5.0;
				TARGETED_DEVICE_FAMILY = "1,2,7";
			};
			name = Debug;
		};
		F29F7F1E2A8C903600EF1A1D /* Release */ = {
			isa = XCBuildConfiguration;
			buildSettings = {
				ASSETCATALOG_COMPILER_APPICON_NAME = AppIcon;
				ASSETCATALOG_COMPILER_GLOBAL_ACCENT_COLOR_NAME = AccentColor;
				CODE_SIGN_STYLE = Automatic;
				CURRENT_PROJECT_VERSION = 1;
				DEVELOPMENT_ASSET_PATHS = "\"iSnow/Preview Content\"";
				DEVELOPMENT_TEAM = DR9RNFND23;
				ENABLE_PREVIEWS = YES;
				GENERATE_INFOPLIST_FILE = YES;
				INFOPLIST_KEY_UIApplicationSceneManifest_Generation = YES;
				LD_RUNPATH_SEARCH_PATHS = (
					"$(inherited)",
					"@executable_path/Frameworks",
				);
				MARKETING_VERSION = 1.0;
				PRODUCT_BUNDLE_IDENTIFIER = miffyc.iSnow;
				PRODUCT_NAME = "$(TARGET_NAME)";
				SUPPORTED_PLATFORMS = "xros xrsimulator";
				SWIFT_EMIT_LOC_STRINGS = YES;
				SWIFT_VERSION = 5.0;
				TARGETED_DEVICE_FAMILY = "1,2,7";
			};
			name = Release;
		};
		F29F7F202A8C903600EF1A1D /* Debug */ = {
			isa = XCBuildConfiguration;
			buildSettings = {
				ALWAYS_EMBED_SWIFT_STANDARD_LIBRARIES = YES;
				BUNDLE_LOADER = "$(TEST_HOST)";
				CODE_SIGN_STYLE = Automatic;
				CURRENT_PROJECT_VERSION = 1;
				DEVELOPMENT_TEAM = DR9RNFND23;
				GENERATE_INFOPLIST_FILE = YES;
				MARKETING_VERSION = 1.0;
				PRODUCT_BUNDLE_IDENTIFIER = miffyc.iSnowTests;
				PRODUCT_NAME = "$(TARGET_NAME)";
				SUPPORTED_PLATFORMS = "xros xrsimulator";
				SWIFT_EMIT_LOC_STRINGS = NO;
				SWIFT_VERSION = 5.0;
				TARGETED_DEVICE_FAMILY = "1,2,7";
				TEST_HOST = "$(BUILT_PRODUCTS_DIR)/iSnow.app/$(BUNDLE_EXECUTABLE_FOLDER_PATH)/iSnow";
				XROS_DEPLOYMENT_TARGET = 1.0;
			};
			name = Debug;
		};
		F29F7F212A8C903600EF1A1D /* Release */ = {
			isa = XCBuildConfiguration;
			buildSettings = {
				ALWAYS_EMBED_SWIFT_STANDARD_LIBRARIES = YES;
				BUNDLE_LOADER = "$(TEST_HOST)";
				CODE_SIGN_STYLE = Automatic;
				CURRENT_PROJECT_VERSION = 1;
				DEVELOPMENT_TEAM = DR9RNFND23;
				GENERATE_INFOPLIST_FILE = YES;
				MARKETING_VERSION = 1.0;
				PRODUCT_BUNDLE_IDENTIFIER = miffyc.iSnowTests;
				PRODUCT_NAME = "$(TARGET_NAME)";
				SUPPORTED_PLATFORMS = "xros xrsimulator";
				SWIFT_EMIT_LOC_STRINGS = NO;
				SWIFT_VERSION = 5.0;
				TARGETED_DEVICE_FAMILY = "1,2,7";
				TEST_HOST = "$(BUILT_PRODUCTS_DIR)/iSnow.app/$(BUNDLE_EXECUTABLE_FOLDER_PATH)/iSnow";
				XROS_DEPLOYMENT_TARGET = 1.0;
			};
			name = Release;
		};
/* End XCBuildConfiguration section */

/* Begin XCConfigurationList section */
		F29F7EF92A8C903400EF1A1D /* Build configuration list for PBXProject "iSnow" */ = {
			isa = XCConfigurationList;
			buildConfigurations = (
				F29F7F1A2A8C903600EF1A1D /* Debug */,
				F29F7F1B2A8C903600EF1A1D /* Release */,
			);
			defaultConfigurationIsVisible = 0;
			defaultConfigurationName = Release;
		};
		F29F7F1C2A8C903600EF1A1D /* Build configuration list for PBXNativeTarget "iSnow" */ = {
			isa = XCConfigurationList;
			buildConfigurations = (
				F29F7F1D2A8C903600EF1A1D /* Debug */,
				F29F7F1E2A8C903600EF1A1D /* Release */,
			);
			defaultConfigurationIsVisible = 0;
			defaultConfigurationName = Release;
		};
		F29F7F1F2A8C903600EF1A1D /* Build configuration list for PBXNativeTarget "iSnowTests" */ = {
			isa = XCConfigurationList;
			buildConfigurations = (
				F29F7F202A8C903600EF1A1D /* Debug */,
				F29F7F212A8C903600EF1A1D /* Release */,
			);
			defaultConfigurationIsVisible = 0;
			defaultConfigurationName = Release;
		};
/* End XCConfigurationList section */

/* Begin XCSwiftPackageProductDependency section */
		F29F7F032A8C903400EF1A1D /* RealityKitContent */ = {
			isa = XCSwiftPackageProductDependency;
			productName = RealityKitContent;
		};
/* End XCSwiftPackageProductDependency section */
	};
	rootObject = F29F7EF62A8C903400EF1A1D /* Project object */;
}
